%{
  "absinthe": {:hex, :absinthe, "1.6.4", "d2958908b72ce146698de8ccbc03622630471eb0e354e06823aaef183e5067bd", [:mix], [{:dataloader, "~> 1.0.0", [hex: :dataloader, repo: "hexpm", optional: true]}, {:decimal, "~> 1.0 or ~> 2.0", [hex: :decimal, repo: "hexpm", optional: true]}, {:nimble_parsec, "~> 0.5 or ~> 1.0", [hex: :nimble_parsec, repo: "hexpm", optional: false]}, {:telemetry, "~> 0.4.0", [hex: :telemetry, repo: "hexpm", optional: false]}], "hexpm", "6e9c1cf36d86c704cb9a9c78db62d1c2676b03e0f61a28a23fc42749e8cd41ae"},
  "connection": {:hex, :connection, "1.0.4", "a1cae72211f0eef17705aaededacac3eb30e6625b04a6117c1b2db6ace7d5976", [:mix], [], "hexpm", "4a0850c9be22a43af9920a71ab17c051f5f7d45c209e40269a1938832510e4d9"},
  "db_connection": {:hex, :db_connection, "1.1.2", "2865c2a4bae0714e2213a0ce60a1b12d76a6efba0c51fbda59c9ab8d1accc7a8", [:mix], [{:connection, "~> 1.0.2", [hex: :connection, repo: "hexpm", optional: false]}, {:poolboy, "~> 1.5", [hex: :poolboy, repo: "hexpm", optional: true]}, {:sbroker, "~> 1.0", [hex: :sbroker, repo: "hexpm", optional: true]}], "hexpm", "550e5ec2a759a5cac03255c5b8e666784300ba4663046898776b30669d00d6a7"},
  "decimal": {:hex, :decimal, "1.9.0", "83e8daf59631d632b171faabafb4a9f4242c514b0a06ba3df493951c08f64d07", [:mix], [], "hexpm", "b1f2343568eed6928f3e751cf2dffde95bfaa19dd95d09e8a9ea92ccfd6f7d85"},
  "earmark": {:hex, :earmark, "1.2.3", "206eb2e2ac1a794aa5256f3982de7a76bf4579ff91cb28d0e17ea2c9491e46a4", [:mix], [], "hexpm", "3b1dcad3067985dd8618c38399a8ee9c4e652d52a17a4aae7a6d6fc4fcc24856"},
  "ecto": {:hex, :ecto, "2.1.6", "29b45f393c2ecd99f83e418ea9b0a2af6078ecb30f401481abac8a473c490f84", [:mix], [{:db_connection, "~> 1.1", [hex: :db_connection, repo: "hexpm", optional: true]}, {:decimal, "~> 1.2", [hex: :decimal, repo: "hexpm", optional: false]}, {:mariaex, "~> 0.8.0", [hex: :mariaex, repo: "hexpm", optional: true]}, {:poison, "~> 2.2 or ~> 3.0", [hex: :poison, repo: "hexpm", optional: true]}, {:poolboy, "~> 1.5", [hex: :poolboy, repo: "hexpm", optional: false]}, {:postgrex, "~> 0.13.0", [hex: :postgrex, repo: "hexpm", optional: true]}, {:sbroker, "~> 1.0", [hex: :sbroker, repo: "hexpm", optional: true]}], "hexpm", "f76be2e4648401e27d05586f20efaa04121638ac550ce177556b48ebbd15c571"},
  "ex_doc": {:hex, :ex_doc, "0.16.3", "cd2a4cfe5d26e37502d3ec776702c72efa1adfa24ed9ce723bb565f4c30bd31a", [:mix], [{:earmark, "~> 1.1", [hex: :earmark, repo: "hexpm", optional: false]}], "hexpm", "f6cb2e47fe57ff86de725e44d5969575c5f9968f31eebfe3c6a39651579464ca"},
  "ex_machina": {:hex, :ex_machina, "2.0.0", "ec284c6f57233729cea9319e083f66e613e82549f78eccdb2059aeba5d0df9f3", [:mix], [{:ecto, "~> 2.1", [hex: :ecto, repo: "hexpm", optional: true]}], "hexpm", "fa240a581a08acbda2f40ae9c1e44502a57a22c486b0605cebc3a0e5ce50c271"},
  "nimble_parsec": {:hex, :nimble_parsec, "1.1.0", "3a6fca1550363552e54c216debb6a9e95bd8d32348938e13de5eda962c0d7f89", [:mix], [], "hexpm", "08eb32d66b706e913ff748f11694b17981c0b04a33ef470e33e11b3d3ac8f54b"},
  "poolboy": {:hex, :poolboy, "1.5.1", "6b46163901cfd0a1b43d692657ed9d7e599853b3b21b95ae5ae0a777cf9b6ca8", [:rebar], [], "hexpm", "8f7168911120e13419e086e78d20e4d1a6776f1eee2411ac9f790af10813389f"},
  "postgrex": {:hex, :postgrex, "0.13.3", "c277cfb2a9c5034d445a722494c13359e361d344ef6f25d604c2353185682bfc", [:mix], [{:connection, "~> 1.0", [hex: :connection, repo: "hexpm", optional: false]}, {:db_connection, "~> 1.1", [hex: :db_connection, repo: "hexpm", optional: false]}, {:decimal, "~> 1.0", [hex: :decimal, repo: "hexpm", optional: false]}], "hexpm", "b5c6fcdde3e114739c902985531c2a711727c72c1ac03d757f390a4fa0beee9e"},
  "telemetry": {:hex, :telemetry, "0.4.3", "a06428a514bdbc63293cd9a6263aad00ddeb66f608163bdec7c8995784080818", [:rebar3], [], "hexpm", "eb72b8365ffda5bed68a620d1da88525e326cb82a75ee61354fc24b844768041"},
}
